
Microsoft Visual Studio Solution File, Format Version 12.00
# Visual Studio Version 17
VisualStudioVersion = 17.3.32929.385
MinimumVisualStudioVersion = 10.0.40219.1
Project("{9A19103F-16F7-4668-BE54-9A1E7A4F7556}") = "StreamDeckSimHub.Plugin", "StreamDeckSimHub.Plugin\StreamDeckSimHub.Plugin.csproj", "{E70750CB-2ABB-41B9-9784-9620C2BDE7D5}"
EndProject
Project("{2150E333-8FDC-42A3-9474-1A3956D46DE8}") = "SolutionFiles", "SolutionFiles", "{E3F720A4-BDC4-4B7D-B604-BF323E7AB170}"
	ProjectSection(SolutionItems) = preProject
		README.md = README.md
		release.bat = release.bat
	EndProjectSection
EndProject
Global
	GlobalSection(SolutionConfigurationPlatforms) = preSolution
		Debug|Any CPU = Debug|Any CPU
		Release|Any CPU = Release|Any CPU
	EndGlobalSection
	GlobalSection(ProjectConfigurationPlatforms) = postSolution
		{E70750CB-2ABB-41B9-9784-9620C2BDE7D5}.Debug|Any CPU.ActiveCfg = Debug|Any CPU
		{E70750CB-2ABB-41B9-9784-9620C2BDE7D5}.Debug|Any CPU.Build.0 = Debug|Any CPU
		{E70750CB-2ABB-41B9-9784-9620C2BDE7D5}.Release|Any CPU.ActiveCfg = Release|Any CPU
		{E70750CB-2ABB-41B9-9784-9620C2BDE7D5}.Release|Any CPU.Build.0 = Release|Any CPU
	EndGlobalSection
	GlobalSection(SolutionProperties) = preSolution
		HideSolutionNode = FALSE
	EndGlobalSection
	GlobalSection(ExtensibilityGlobals) = postSolution
		SolutionGuid = {9DEB1B20-2193-479A-9EA4-40EDF63A2982}
	EndGlobalSection
EndGlobal
